
Microsoft Visual Studio Solution File, Format Version 12.00
# Visual Studio Version 16
VisualStudioVersion = 16.0.34031.81
MinimumVisualStudioVersion = 10.0.40219.1
Project("{FAE04EC0-301F-11D3-BF4B-00C04F79EFBC}") = "Practica 03 - Ejemplos de Arreglos C", "Practica 03 - Ejemplos de Arreglos C\Practica 03 - Ejemplos de Arreglos C.csproj", "{B0A010ED-8926-462B-9237-1C0E3282069D}"
EndProject
Global
	GlobalSection(SolutionConfigurationPlatforms) = preSolution
		Debug|Any CPU = Debug|Any CPU
		Release|Any CPU = Release|Any CPU
	EndGlobalSection
	GlobalSection(ProjectConfigurationPlatforms) = postSolution
		{B0A010ED-8926-462B-9237-1C0E3282069D}.Debug|Any CPU.ActiveCfg = Debug|Any CPU
		{B0A010ED-8926-462B-9237-1C0E3282069D}.Debug|Any CPU.Build.0 = Debug|Any CPU
		{B0A010ED-8926-462B-9237-1C0E3282069D}.Release|Any CPU.ActiveCfg = Release|Any CPU
		{B0A010ED-8926-462B-9237-1C0E3282069D}.Release|Any CPU.Build.0 = Release|Any CPU
	EndGlobalSection
	GlobalSection(SolutionProperties) = preSolution
		HideSolutionNode = FALSE
	EndGlobalSection
	GlobalSection(ExtensibilityGlobals) = postSolution
		SolutionGuid = {60E510F7-E604-47DE-ABE0-7B5822C0BBD3}
	EndGlobalSection
EndGlobal
